// !$*UTF8*$!
{
	archiveVersion = 1;
	classes = {
	};
	objectVersion = 56;
	objects = {

/* Begin PBXBuildFile section */
		937CC5352A11E36B00BBC582 /* SentimentAnalysisModel.swift in Sources */ = {isa = PBXBuildFile; fileRef = 937CC5342A11E36B00BBC582 /* SentimentAnalysisModel.swift */; };
		937CC5372A11EC5C00BBC582 /* VideoItem.swift in Sources */ = {isa = PBXBuildFile; fileRef = 937CC5362A11EC5C00BBC582 /* VideoItem.swift */; };
		937F162D2A08902000157355 /* SentifyApp.swift in Sources */ = {isa = PBXBuildFile; fileRef = 937F162C2A08902000157355 /* SentifyApp.swift */; };
		937F162F2A08902000157355 /* ContentView.swift in Sources */ = {isa = PBXBuildFile; fileRef = 937F162E2A08902000157355 /* ContentView.swift */; };
		937F16312A08902100157355 /* Assets.xcassets in Resources */ = {isa = PBXBuildFile; fileRef = 937F16302A08902100157355 /* Assets.xcassets */; };
		937F16342A08902100157355 /* Preview Assets.xcassets in Resources */ = {isa = PBXBuildFile; fileRef = 937F16332A08902100157355 /* Preview Assets.xcassets */; };
		937F163E2A08902100157355 /* SentifyTests.swift in Sources */ = {isa = PBXBuildFile; fileRef = 937F163D2A08902100157355 /* SentifyTests.swift */; };
		937F16482A08902100157355 /* SentifyUITests.swift in Sources */ = {isa = PBXBuildFile; fileRef = 937F16472A08902100157355 /* SentifyUITests.swift */; };
		937F164A2A08902100157355 /* SentifyUITestsLaunchTests.swift in Sources */ = {isa = PBXBuildFile; fileRef = 937F16492A08902100157355 /* SentifyUITestsLaunchTests.swift */; };
		937F165A2A08926100157355 /* Keys-Example.plist in Resources */ = {isa = PBXBuildFile; fileRef = 937F16592A08926100157355 /* Keys-Example.plist */; };
		937F16842A089C6900157355 /* Nunito-Black.ttf in Resources */ = {isa = PBXBuildFile; fileRef = 937F16832A089C6900157355 /* Nunito-Black.ttf */; };
		937F16962A089C9B00157355 /* Nunito-BlackItalic.ttf in Resources */ = {isa = PBXBuildFile; fileRef = 937F16912A089C7300157355 /* Nunito-BlackItalic.ttf */; };
		937F16972A089C9B00157355 /* Nunito-Bold.ttf in Resources */ = {isa = PBXBuildFile; fileRef = 937F16902A089C7300157355 /* Nunito-Bold.ttf */; };
		937F16982A089C9B00157355 /* Nunito-BoldItalic.ttf in Resources */ = {isa = PBXBuildFile; fileRef = 937F16942A089C7300157355 /* Nunito-BoldItalic.ttf */; };
		937F16992A089C9B00157355 /* Nunito-ExtraBold.ttf in Resources */ = {isa = PBXBuildFile; fileRef = 937F16872A089C7300157355 /* Nunito-ExtraBold.ttf */; };
		937F169A2A089C9B00157355 /* Nunito-ExtraBoldItalic.ttf in Resources */ = {isa = PBXBuildFile; fileRef = 937F168A2A089C7300157355 /* Nunito-ExtraBoldItalic.ttf */; };
		937F169B2A089C9B00157355 /* Nunito-ExtraLight.ttf in Resources */ = {isa = PBXBuildFile; fileRef = 937F16892A089C7300157355 /* Nunito-ExtraLight.ttf */; };
		937F169C2A089C9B00157355 /* Nunito-ExtraLightItalic.ttf in Resources */ = {isa = PBXBuildFile; fileRef = 937F168B2A089C7300157355 /* Nunito-ExtraLightItalic.ttf */; };
		937F169D2A089C9B00157355 /* Nunito-Italic.ttf in Resources */ = {isa = PBXBuildFile; fileRef = 937F168E2A089C7300157355 /* Nunito-Italic.ttf */; };
		937F169E2A089C9B00157355 /* Nunito-Light.ttf in Resources */ = {isa = PBXBuildFile; fileRef = 937F16882A089C7300157355 /* Nunito-Light.ttf */; };
		937F169F2A089C9B00157355 /* Nunito-LightItalic.ttf in Resources */ = {isa = PBXBuildFile; fileRef = 937F168F2A089C7300157355 /* Nunito-LightItalic.ttf */; };
		937F16A02A089C9B00157355 /* Nunito-Medium.ttf in Resources */ = {isa = PBXBuildFile; fileRef = 937F16862A089C7300157355 /* Nunito-Medium.ttf */; };
		937F16A12A089C9B00157355 /* Nunito-MediumItalic.ttf in Resources */ = {isa = PBXBuildFile; fileRef = 937F16922A089C7300157355 /* Nunito-MediumItalic.ttf */; };
		937F16A22A089C9B00157355 /* Nunito-Regular.ttf in Resources */ = {isa = PBXBuildFile; fileRef = 937F168D2A089C7300157355 /* Nunito-Regular.ttf */; };
		937F16A32A089C9B00157355 /* Nunito-SemiBold.ttf in Resources */ = {isa = PBXBuildFile; fileRef = 937F168C2A089C7300157355 /* Nunito-SemiBold.ttf */; };
		937F16A42A089C9B00157355 /* Nunito-SemiBoldItalic.ttf in Resources */ = {isa = PBXBuildFile; fileRef = 937F16852A089C7300157355 /* Nunito-SemiBoldItalic.ttf */; };
		939518532A0B4D6F00510A3C /* .swiftlint.yml in Resources */ = {isa = PBXBuildFile; fileRef = 939518522A0B4D6F00510A3C /* .swiftlint.yml */; };
		939518542A0B5A1900510A3C /* Keys.plist in Resources */ = {isa = PBXBuildFile; fileRef = 937F165D2A08938B00157355 /* Keys.plist */; };
		939518572A0B7A9000510A3C /* CommentItem.swift in Sources */ = {isa = PBXBuildFile; fileRef = 939518562A0B7A9000510A3C /* CommentItem.swift */; };
		93F4059F2A08B4EF001C03E0 /* Core in Frameworks */ = {isa = PBXBuildFile; productRef = 93F4059E2A08B4EF001C03E0 /* Core */; };
		93F405A22A08B5D5001C03E0 /* Common in Frameworks */ = {isa = PBXBuildFile; productRef = 93F405A12A08B5D5001C03E0 /* Common */; };
		93F405A52A08E799001C03E0 /* SentimentAnalysisHistoryView.swift in Sources */ = {isa = PBXBuildFile; fileRef = 93F405A42A08E799001C03E0 /* SentimentAnalysisHistoryView.swift */; };
		93F405AB2A09F57C001C03E0 /* SearchChannelView.swift in Sources */ = {isa = PBXBuildFile; fileRef = 93F405AA2A09F57C001C03E0 /* SearchChannelView.swift */; };
		93F405AD2A09FD48001C03E0 /* ChannelListView.swift in Sources */ = {isa = PBXBuildFile; fileRef = 93F405AC2A09FD48001C03E0 /* ChannelListView.swift */; };
		93F405B22A0A0783001C03E0 /* UINavigationController+Ext.swift in Sources */ = {isa = PBXBuildFile; fileRef = 93F405B12A0A0783001C03E0 /* UINavigationController+Ext.swift */; };
		93F405B62A0A08A6001C03E0 /* SearchChannelViewModel.swift in Sources */ = {isa = PBXBuildFile; fileRef = 93F405B52A0A08A6001C03E0 /* SearchChannelViewModel.swift */; };
		93F405BA2A0A0AC1001C03E0 /* YouTube in Resources */ = {isa = PBXBuildFile; fileRef = 93F405B92A0A0AC1001C03E0 /* YouTube */; };
		93F405BC2A0A0AE5001C03E0 /* YouTube in Frameworks */ = {isa = PBXBuildFile; productRef = 93F405BB2A0A0AE5001C03E0 /* YouTube */; };
		93F405BE2A0A0DD2001C03E0 /* YouTubeApiCall.swift in Sources */ = {isa = PBXBuildFile; fileRef = 93F405BD2A0A0DD2001C03E0 /* YouTubeApiCall.swift */; };
		93F405C02A0A0E04001C03E0 /* File+Ext.swift in Sources */ = {isa = PBXBuildFile; fileRef = 93F405BF2A0A0E04001C03E0 /* File+Ext.swift */; };
		93F405C42A0A994A001C03E0 /* SearchCommentView.swift in Sources */ = {isa = PBXBuildFile; fileRef = 93F405C32A0A994A001C03E0 /* SearchCommentView.swift */; };
		93F405C62A0A9A42001C03E0 /* CommentListView.swift in Sources */ = {isa = PBXBuildFile; fileRef = 93F405C52A0A9A42001C03E0 /* CommentListView.swift */; };
		93F405C82A0A9A79001C03E0 /* VideoCommentListView.swift in Sources */ = {isa = PBXBuildFile; fileRef = 93F405C72A0A9A79001C03E0 /* VideoCommentListView.swift */; };
		93F405CB2A0A9F83001C03E0 /* SearchCommentViewModel.swift in Sources */ = {isa = PBXBuildFile; fileRef = 93F405CA2A0A9F83001C03E0 /* SearchCommentViewModel.swift */; };
		93F405CD2A0B210F001C03E0 /* Injection.swift in Sources */ = {isa = PBXBuildFile; fileRef = 93F405CC2A0B210F001C03E0 /* Injection.swift */; };
/* End PBXBuildFile section */

/* Begin PBXContainerItemProxy section */
		937F163A2A08902100157355 /* PBXContainerItemProxy */ = {
			isa = PBXContainerItemProxy;
			containerPortal = 937F16212A08902000157355 /* Project object */;
			proxyType = 1;
			remoteGlobalIDString = 937F16282A08902000157355;
			remoteInfo = Sentify;
		};
		937F16442A08902100157355 /* PBXContainerItemProxy */ = {
			isa = PBXContainerItemProxy;
			containerPortal = 937F16212A08902000157355 /* Project object */;
			proxyType = 1;
			remoteGlobalIDString = 937F16282A08902000157355;
			remoteInfo = Sentify;
		};
/* End PBXContainerItemProxy section */

/* Begin PBXFileReference section */
		937CC5342A11E36B00BBC582 /* SentimentAnalysisModel.swift */ = {isa = PBXFileReference; lastKnownFileType = sourcecode.swift; path = SentimentAnalysisModel.swift; sourceTree = "<group>"; };
		937CC5362A11EC5C00BBC582 /* VideoItem.swift */ = {isa = PBXFileReference; lastKnownFileType = sourcecode.swift; path = VideoItem.swift; sourceTree = "<group>"; };
		937F16292A08902000157355 /* Sentify.app */ = {isa = PBXFileReference; explicitFileType = wrapper.application; includeInIndex = 0; path = Sentify.app; sourceTree = BUILT_PRODUCTS_DIR; };
		937F162C2A08902000157355 /* SentifyApp.swift */ = {isa = PBXFileReference; lastKnownFileType = sourcecode.swift; path = SentifyApp.swift; sourceTree = "<group>"; };
		937F162E2A08902000157355 /* ContentView.swift */ = {isa = PBXFileReference; lastKnownFileType = sourcecode.swift; path = ContentView.swift; sourceTree = "<group>"; };
		937F16302A08902100157355 /* Assets.xcassets */ = {isa = PBXFileReference; lastKnownFileType = folder.assetcatalog; path = Assets.xcassets; sourceTree = "<group>"; };
		937F16332A08902100157355 /* Preview Assets.xcassets */ = {isa = PBXFileReference; lastKnownFileType = folder.assetcatalog; path = "Preview Assets.xcassets"; sourceTree = "<group>"; };
		937F16392A08902100157355 /* SentifyTests.xctest */ = {isa = PBXFileReference; explicitFileType = wrapper.cfbundle; includeInIndex = 0; path = SentifyTests.xctest; sourceTree = BUILT_PRODUCTS_DIR; };
		937F163D2A08902100157355 /* SentifyTests.swift */ = {isa = PBXFileReference; lastKnownFileType = sourcecode.swift; path = SentifyTests.swift; sourceTree = "<group>"; };
		937F16432A08902100157355 /* SentifyUITests.xctest */ = {isa = PBXFileReference; explicitFileType = wrapper.cfbundle; includeInIndex = 0; path = SentifyUITests.xctest; sourceTree = BUILT_PRODUCTS_DIR; };
		937F16472A08902100157355 /* SentifyUITests.swift */ = {isa = PBXFileReference; lastKnownFileType = sourcecode.swift; path = SentifyUITests.swift; sourceTree = "<group>"; };
		937F16492A08902100157355 /* SentifyUITestsLaunchTests.swift */ = {isa = PBXFileReference; lastKnownFileType = sourcecode.swift; path = SentifyUITestsLaunchTests.swift; sourceTree = "<group>"; };
		937F16592A08926100157355 /* Keys-Example.plist */ = {isa = PBXFileReference; lastKnownFileType = text.plist.xml; path = "Keys-Example.plist"; sourceTree = "<group>"; };
		937F165D2A08938B00157355 /* Keys.plist */ = {isa = PBXFileReference; fileEncoding = 4; lastKnownFileType = text.plist.xml; path = Keys.plist; sourceTree = "<group>"; };
		937F16832A089C6900157355 /* Nunito-Black.ttf */ = {isa = PBXFileReference; lastKnownFileType = file; path = "Nunito-Black.ttf"; sourceTree = "<group>"; };
		937F16852A089C7300157355 /* Nunito-SemiBoldItalic.ttf */ = {isa = PBXFileReference; lastKnownFileType = file; path = "Nunito-SemiBoldItalic.ttf"; sourceTree = "<group>"; };
		937F16862A089C7300157355 /* Nunito-Medium.ttf */ = {isa = PBXFileReference; lastKnownFileType = file; path = "Nunito-Medium.ttf"; sourceTree = "<group>"; };
		937F16872A089C7300157355 /* Nunito-ExtraBold.ttf */ = {isa = PBXFileReference; lastKnownFileType = file; path = "Nunito-ExtraBold.ttf"; sourceTree = "<group>"; };
		937F16882A089C7300157355 /* Nunito-Light.ttf */ = {isa = PBXFileReference; lastKnownFileType = file; path = "Nunito-Light.ttf"; sourceTree = "<group>"; };
		937F16892A089C7300157355 /* Nunito-ExtraLight.ttf */ = {isa = PBXFileReference; lastKnownFileType = file; path = "Nunito-ExtraLight.ttf"; sourceTree = "<group>"; };
		937F168A2A089C7300157355 /* Nunito-ExtraBoldItalic.ttf */ = {isa = PBXFileReference; lastKnownFileType = file; path = "Nunito-ExtraBoldItalic.ttf"; sourceTree = "<group>"; };
		937F168B2A089C7300157355 /* Nunito-ExtraLightItalic.ttf */ = {isa = PBXFileReference; lastKnownFileType = file; path = "Nunito-ExtraLightItalic.ttf"; sourceTree = "<group>"; };
		937F168C2A089C7300157355 /* Nunito-SemiBold.ttf */ = {isa = PBXFileReference; lastKnownFileType = file; path = "Nunito-SemiBold.ttf"; sourceTree = "<group>"; };
		937F168D2A089C7300157355 /* Nunito-Regular.ttf */ = {isa = PBXFileReference; lastKnownFileType = file; path = "Nunito-Regular.ttf"; sourceTree = "<group>"; };
		937F168E2A089C7300157355 /* Nunito-Italic.ttf */ = {isa = PBXFileReference; lastKnownFileType = file; path = "Nunito-Italic.ttf"; sourceTree = "<group>"; };
		937F168F2A089C7300157355 /* Nunito-LightItalic.ttf */ = {isa = PBXFileReference; lastKnownFileType = file; path = "Nunito-LightItalic.ttf"; sourceTree = "<group>"; };
		937F16902A089C7300157355 /* Nunito-Bold.ttf */ = {isa = PBXFileReference; lastKnownFileType = file; path = "Nunito-Bold.ttf"; sourceTree = "<group>"; };
		937F16912A089C7300157355 /* Nunito-BlackItalic.ttf */ = {isa = PBXFileReference; lastKnownFileType = file; path = "Nunito-BlackItalic.ttf"; sourceTree = "<group>"; };
		937F16922A089C7300157355 /* Nunito-MediumItalic.ttf */ = {isa = PBXFileReference; lastKnownFileType = file; path = "Nunito-MediumItalic.ttf"; sourceTree = "<group>"; };
		937F16942A089C7300157355 /* Nunito-BoldItalic.ttf */ = {isa = PBXFileReference; lastKnownFileType = file; path = "Nunito-BoldItalic.ttf"; sourceTree = "<group>"; };
		939518522A0B4D6F00510A3C /* .swiftlint.yml */ = {isa = PBXFileReference; fileEncoding = 4; lastKnownFileType = text.yaml; path = .swiftlint.yml; sourceTree = "<group>"; };
		939518562A0B7A9000510A3C /* CommentItem.swift */ = {isa = PBXFileReference; lastKnownFileType = sourcecode.swift; path = CommentItem.swift; sourceTree = "<group>"; };
		93F4059D2A08B4E7001C03E0 /* Core */ = {isa = PBXFileReference; lastKnownFileType = wrapper; name = Core; path = Modules/Core; sourceTree = "<group>"; };
		93F405A02A08B5A6001C03E0 /* Common */ = {isa = PBXFileReference; lastKnownFileType = wrapper; name = Common; path = Modules/Common; sourceTree = "<group>"; };
		93F405A42A08E799001C03E0 /* SentimentAnalysisHistoryView.swift */ = {isa = PBXFileReference; lastKnownFileType = sourcecode.swift; path = SentimentAnalysisHistoryView.swift; sourceTree = "<group>"; };
		93F405AA2A09F57C001C03E0 /* SearchChannelView.swift */ = {isa = PBXFileReference; lastKnownFileType = sourcecode.swift; path = SearchChannelView.swift; sourceTree = "<group>"; };
		93F405AC2A09FD48001C03E0 /* ChannelListView.swift */ = {isa = PBXFileReference; lastKnownFileType = sourcecode.swift; path = ChannelListView.swift; sourceTree = "<group>"; };
		93F405B12A0A0783001C03E0 /* UINavigationController+Ext.swift */ = {isa = PBXFileReference; lastKnownFileType = sourcecode.swift; path = "UINavigationController+Ext.swift"; sourceTree = "<group>"; };
		93F405B52A0A08A6001C03E0 /* SearchChannelViewModel.swift */ = {isa = PBXFileReference; lastKnownFileType = sourcecode.swift; path = SearchChannelViewModel.swift; sourceTree = "<group>"; };
		93F405B92A0A0AC1001C03E0 /* YouTube */ = {isa = PBXFileReference; lastKnownFileType = wrapper; name = YouTube; path = Modules/YouTube; sourceTree = "<group>"; };
		93F405BD2A0A0DD2001C03E0 /* YouTubeApiCall.swift */ = {isa = PBXFileReference; lastKnownFileType = sourcecode.swift; path = YouTubeApiCall.swift; sourceTree = "<group>"; };
		93F405BF2A0A0E04001C03E0 /* File+Ext.swift */ = {isa = PBXFileReference; lastKnownFileType = sourcecode.swift; path = "File+Ext.swift"; sourceTree = "<group>"; };
		93F405C32A0A994A001C03E0 /* SearchCommentView.swift */ = {isa = PBXFileReference; lastKnownFileType = sourcecode.swift; path = SearchCommentView.swift; sourceTree = "<group>"; };
		93F405C52A0A9A42001C03E0 /* CommentListView.swift */ = {isa = PBXFileReference; lastKnownFileType = sourcecode.swift; path = CommentListView.swift; sourceTree = "<group>"; };
		93F405C72A0A9A79001C03E0 /* VideoCommentListView.swift */ = {isa = PBXFileReference; lastKnownFileType = sourcecode.swift; path = VideoCommentListView.swift; sourceTree = "<group>"; };
		93F405CA2A0A9F83001C03E0 /* SearchCommentViewModel.swift */ = {isa = PBXFileReference; lastKnownFileType = sourcecode.swift; path = SearchCommentViewModel.swift; sourceTree = "<group>"; };
		93F405CC2A0B210F001C03E0 /* Injection.swift */ = {isa = PBXFileReference; lastKnownFileType = sourcecode.swift; path = Injection.swift; sourceTree = "<group>"; };
/* End PBXFileReference section */

/* Begin PBXFrameworksBuildPhase section */
		937F16262A08902000157355 /* Frameworks */ = {
			isa = PBXFrameworksBuildPhase;
			buildActionMask = 2147483647;
			files = (
				93F405BC2A0A0AE5001C03E0 /* YouTube in Frameworks */,
				93F4059F2A08B4EF001C03E0 /* Core in Frameworks */,
				93F405A22A08B5D5001C03E0 /* Common in Frameworks */,
			);
			runOnlyForDeploymentPostprocessing = 0;
		};
		937F16362A08902100157355 /* Frameworks */ = {
			isa = PBXFrameworksBuildPhase;
			buildActionMask = 2147483647;
			files = (
			);
			runOnlyForDeploymentPostprocessing = 0;
		};
		937F16402A08902100157355 /* Frameworks */ = {
			isa = PBXFrameworksBuildPhase;
			buildActionMask = 2147483647;
			files = (
			);
			runOnlyForDeploymentPostprocessing = 0;
		};
/* End PBXFrameworksBuildPhase section */

/* Begin PBXGroup section */
		937F16202A08902000157355 = {
			isa = PBXGroup;
			children = (
				939518522A0B4D6F00510A3C /* .swiftlint.yml */,
				93F4059D2A08B4E7001C03E0 /* Core */,
				93F405A02A08B5A6001C03E0 /* Common */,
				93F405B92A0A0AC1001C03E0 /* YouTube */,
				937F162B2A08902000157355 /* Sentify */,
				937F163C2A08902100157355 /* SentifyTests */,
				937F16462A08902100157355 /* SentifyUITests */,
				937F162A2A08902000157355 /* Products */,
				937F16D52A08A6A900157355 /* Frameworks */,
			);
			sourceTree = "<group>";
		};
		937F162A2A08902000157355 /* Products */ = {
			isa = PBXGroup;
			children = (
				937F16292A08902000157355 /* Sentify.app */,
				937F16392A08902100157355 /* SentifyTests.xctest */,
				937F16432A08902100157355 /* SentifyUITests.xctest */,
			);
			name = Products;
			sourceTree = "<group>";
		};
		937F162B2A08902000157355 /* Sentify */ = {
			isa = PBXGroup;
			children = (
				939518552A0B7A5F00510A3C /* YouTubeViews */,
				937F16D82A08AAAC00157355 /* App */,
				93F405AE2A0A0764001C03E0 /* Core */,
				93F405C12A0A9920001C03E0 /* SearchComment */,
				93F405A92A09F562001C03E0 /* VideoCommentList */,
				93F405A82A09F551001C03E0 /* VideoList */,
				93F405A72A09F547001C03E0 /* ChannelList */,
				93F405A62A09F526001C03E0 /* SearchChannel */,
				93F405A32A08E769001C03E0 /* SentimentAnalysisHistory */,
				937F16582A08921400157355 /* Supporting Files */,
				937F16322A08902100157355 /* Preview Content */,
			);
			path = Sentify;
			sourceTree = "<group>";
		};
		937F16322A08902100157355 /* Preview Content */ = {
			isa = PBXGroup;
			children = (
				937F16332A08902100157355 /* Preview Assets.xcassets */,
			);
			path = "Preview Content";
			sourceTree = "<group>";
		};
		937F163C2A08902100157355 /* SentifyTests */ = {
			isa = PBXGroup;
			children = (
				937F163D2A08902100157355 /* SentifyTests.swift */,
			);
			path = SentifyTests;
			sourceTree = "<group>";
		};
		937F16462A08902100157355 /* SentifyUITests */ = {
			isa = PBXGroup;
			children = (
				937F16472A08902100157355 /* SentifyUITests.swift */,
				937F16492A08902100157355 /* SentifyUITestsLaunchTests.swift */,
			);
			path = SentifyUITests;
			sourceTree = "<group>";
		};
		937F16582A08921400157355 /* Supporting Files */ = {
			isa = PBXGroup;
			children = (
				937F16822A089C5E00157355 /* Font */,
				937F16302A08902100157355 /* Assets.xcassets */,
				937F165D2A08938B00157355 /* Keys.plist */,
				937F16592A08926100157355 /* Keys-Example.plist */,
			);
			path = "Supporting Files";
			sourceTree = "<group>";
		};
		937F16822A089C5E00157355 /* Font */ = {
			isa = PBXGroup;
			children = (
				937F16832A089C6900157355 /* Nunito-Black.ttf */,
				937F16912A089C7300157355 /* Nunito-BlackItalic.ttf */,
				937F16902A089C7300157355 /* Nunito-Bold.ttf */,
				937F16942A089C7300157355 /* Nunito-BoldItalic.ttf */,
				937F16872A089C7300157355 /* Nunito-ExtraBold.ttf */,
				937F168A2A089C7300157355 /* Nunito-ExtraBoldItalic.ttf */,
				937F16892A089C7300157355 /* Nunito-ExtraLight.ttf */,
				937F168B2A089C7300157355 /* Nunito-ExtraLightItalic.ttf */,
				937F168E2A089C7300157355 /* Nunito-Italic.ttf */,
				937F16882A089C7300157355 /* Nunito-Light.ttf */,
				937F168F2A089C7300157355 /* Nunito-LightItalic.ttf */,
				937F16862A089C7300157355 /* Nunito-Medium.ttf */,
				937F16922A089C7300157355 /* Nunito-MediumItalic.ttf */,
				937F168D2A089C7300157355 /* Nunito-Regular.ttf */,
				937F168C2A089C7300157355 /* Nunito-SemiBold.ttf */,
				937F16852A089C7300157355 /* Nunito-SemiBoldItalic.ttf */,
			);
			path = Font;
			sourceTree = "<group>";
		};
		937F16D52A08A6A900157355 /* Frameworks */ = {
			isa = PBXGroup;
			children = (
			);
			name = Frameworks;
			sourceTree = "<group>";
		};
		937F16D82A08AAAC00157355 /* App */ = {
			isa = PBXGroup;
			children = (
				937F162C2A08902000157355 /* SentifyApp.swift */,
				937F162E2A08902000157355 /* ContentView.swift */,
			);
			path = App;
			sourceTree = "<group>";
		};
		939518552A0B7A5F00510A3C /* YouTubeViews */ = {
			isa = PBXGroup;
			children = (
				939518562A0B7A9000510A3C /* CommentItem.swift */,
				937CC5362A11EC5C00BBC582 /* VideoItem.swift */,
			);
			path = YouTubeViews;
			sourceTree = "<group>";
		};
		93F405A32A08E769001C03E0 /* SentimentAnalysisHistory */ = {
			isa = PBXGroup;
			children = (
				93F405A42A08E799001C03E0 /* SentimentAnalysisHistoryView.swift */,
			);
			path = SentimentAnalysisHistory;
			sourceTree = "<group>";
		};
		93F405A62A09F526001C03E0 /* SearchChannel */ = {
			isa = PBXGroup;
			children = (
				93F405B52A0A08A6001C03E0 /* SearchChannelViewModel.swift */,
				93F405B72A0A08AD001C03E0 /* View */,
			);
			path = SearchChannel;
			sourceTree = "<group>";
		};
		93F405A72A09F547001C03E0 /* ChannelList */ = {
			isa = PBXGroup;
			children = (
				93F405AC2A09FD48001C03E0 /* ChannelListView.swift */,
			);
			path = ChannelList;
			sourceTree = "<group>";
		};
		93F405A82A09F551001C03E0 /* VideoList */ = {
			isa = PBXGroup;
			children = (
			);
			path = VideoList;
			sourceTree = "<group>";
		};
		93F405A92A09F562001C03E0 /* VideoCommentList */ = {
			isa = PBXGroup;
			children = (
				93F405C92A0A9F6D001C03E0 /* View */,
			);
			path = VideoCommentList;
			sourceTree = "<group>";
		};
		93F405AE2A0A0764001C03E0 /* Core */ = {
			isa = PBXGroup;
			children = (
				93F405B42A0A07B6001C03E0 /* DI */,
				93F405B32A0A07AA001C03E0 /* Network */,
				93F405AF2A0A0768001C03E0 /* Utils */,
			);
			path = Core;
			sourceTree = "<group>";
		};
		93F405AF2A0A0768001C03E0 /* Utils */ = {
			isa = PBXGroup;
			children = (
				93F405B02A0A076D001C03E0 /* Extensions */,
			);
			path = Utils;
			sourceTree = "<group>";
		};
		93F405B02A0A076D001C03E0 /* Extensions */ = {
			isa = PBXGroup;
			children = (
				93F405BF2A0A0E04001C03E0 /* File+Ext.swift */,
				93F405B12A0A0783001C03E0 /* UINavigationController+Ext.swift */,
			);
			path = Extensions;
			sourceTree = "<group>";
		};
		93F405B32A0A07AA001C03E0 /* Network */ = {
			isa = PBXGroup;
			children = (
				93F405BD2A0A0DD2001C03E0 /* YouTubeApiCall.swift */,
			);
			path = Network;
			sourceTree = "<group>";
		};
		93F405B42A0A07B6001C03E0 /* DI */ = {
			isa = PBXGroup;
			children = (
				93F405CC2A0B210F001C03E0 /* Injection.swift */,
			);
			path = DI;
			sourceTree = "<group>";
		};
		93F405B72A0A08AD001C03E0 /* View */ = {
			isa = PBXGroup;
			children = (
				93F405AA2A09F57C001C03E0 /* SearchChannelView.swift */,
			);
			path = View;
			sourceTree = "<group>";
		};
		93F405C12A0A9920001C03E0 /* SearchComment */ = {
			isa = PBXGroup;
			children = (
				93F405CA2A0A9F83001C03E0 /* SearchCommentViewModel.swift */,
				93F405C22A0A9938001C03E0 /* View */,
				937CC5342A11E36B00BBC582 /* SentimentAnalysisModel.swift */,
			);
			path = SearchComment;
			sourceTree = "<group>";
		};
		93F405C22A0A9938001C03E0 /* View */ = {
			isa = PBXGroup;
			children = (
				93F405C32A0A994A001C03E0 /* SearchCommentView.swift */,
			);
			path = View;
			sourceTree = "<group>";
		};
		93F405C92A0A9F6D001C03E0 /* View */ = {
			isa = PBXGroup;
			children = (
				93F405C72A0A9A79001C03E0 /* VideoCommentListView.swift */,
				93F405C52A0A9A42001C03E0 /* CommentListView.swift */,
			);
			path = View;
			sourceTree = "<group>";
		};
/* End PBXGroup section */

/* Begin PBXNativeTarget section */
		937F16282A08902000157355 /* Sentify */ = {
			isa = PBXNativeTarget;
			buildConfigurationList = 937F164D2A08902100157355 /* Build configuration list for PBXNativeTarget "Sentify" */;
			buildPhases = (
				937F16252A08902000157355 /* Sources */,
				937F16262A08902000157355 /* Frameworks */,
				937F16572A0891EC00157355 /* Create Keys.plist */,
				937F16272A08902000157355 /* Resources */,
				937F16562A0891AB00157355 /* Run SwiftLint Script */,
			);
			buildRules = (
			);
			dependencies = (
			);
			name = Sentify;
			packageProductDependencies = (
				93F4059E2A08B4EF001C03E0 /* Core */,
				93F405A12A08B5D5001C03E0 /* Common */,
				93F405BB2A0A0AE5001C03E0 /* YouTube */,
			);
			productName = Sentify;
			productReference = 937F16292A08902000157355 /* Sentify.app */;
			productType = "com.apple.product-type.application";
		};
		937F16382A08902100157355 /* SentifyTests */ = {
			isa = PBXNativeTarget;
			buildConfigurationList = 937F16502A08902100157355 /* Build configuration list for PBXNativeTarget "SentifyTests" */;
			buildPhases = (
				937F16352A08902100157355 /* Sources */,
				937F16362A08902100157355 /* Frameworks */,
				937F16372A08902100157355 /* Resources */,
			);
			buildRules = (
			);
			dependencies = (
				937F163B2A08902100157355 /* PBXTargetDependency */,
			);
			name = SentifyTests;
			productName = SentifyTests;
			productReference = 937F16392A08902100157355 /* SentifyTests.xctest */;
			productType = "com.apple.product-type.bundle.unit-test";
		};
		937F16422A08902100157355 /* SentifyUITests */ = {
			isa = PBXNativeTarget;
			buildConfigurationList = 937F16532A08902100157355 /* Build configuration list for PBXNativeTarget "SentifyUITests" */;
			buildPhases = (
				937F163F2A08902100157355 /* Sources */,
				937F16402A08902100157355 /* Frameworks */,
				937F16412A08902100157355 /* Resources */,
			);
			buildRules = (
			);
			dependencies = (
				937F16452A08902100157355 /* PBXTargetDependency */,
			);
			name = SentifyUITests;
			productName = SentifyUITests;
			productReference = 937F16432A08902100157355 /* SentifyUITests.xctest */;
			productType = "com.apple.product-type.bundle.ui-testing";
		};
/* End PBXNativeTarget section */

/* Begin PBXProject section */
		937F16212A08902000157355 /* Project object */ = {
			isa = PBXProject;
			attributes = {
				BuildIndependentTargetsInParallel = 1;
				LastSwiftUpdateCheck = 1430;
				LastUpgradeCheck = 1430;
				TargetAttributes = {
					937F16282A08902000157355 = {
						CreatedOnToolsVersion = 14.3;
					};
					937F16382A08902100157355 = {
						CreatedOnToolsVersion = 14.3;
						TestTargetID = 937F16282A08902000157355;
					};
					937F16422A08902100157355 = {
						CreatedOnToolsVersion = 14.3;
						TestTargetID = 937F16282A08902000157355;
					};
				};
			};
			buildConfigurationList = 937F16242A08902000157355 /* Build configuration list for PBXProject "Sentify" */;
			compatibilityVersion = "Xcode 14.0";
			developmentRegion = en;
			hasScannedForEncodings = 0;
			knownRegions = (
				en,
				Base,
				id,
			);
			mainGroup = 937F16202A08902000157355;
			packageReferences = (
			);
			productRefGroup = 937F162A2A08902000157355 /* Products */;
			projectDirPath = "";
			projectRoot = "";
			targets = (
				937F16282A08902000157355 /* Sentify */,
				937F16382A08902100157355 /* SentifyTests */,
				937F16422A08902100157355 /* SentifyUITests */,
			);
		};
/* End PBXProject section */

/* Begin PBXResourcesBuildPhase section */
		937F16272A08902000157355 /* Resources */ = {
			isa = PBXResourcesBuildPhase;
			buildActionMask = 2147483647;
			files = (
				939518542A0B5A1900510A3C /* Keys.plist in Resources */,
				93F405BA2A0A0AC1001C03E0 /* YouTube in Resources */,
				937F16962A089C9B00157355 /* Nunito-BlackItalic.ttf in Resources */,
				937F16972A089C9B00157355 /* Nunito-Bold.ttf in Resources */,
				937F16982A089C9B00157355 /* Nunito-BoldItalic.ttf in Resources */,
				937F16992A089C9B00157355 /* Nunito-ExtraBold.ttf in Resources */,
				937F169A2A089C9B00157355 /* Nunito-ExtraBoldItalic.ttf in Resources */,
				937F169B2A089C9B00157355 /* Nunito-ExtraLight.ttf in Resources */,
				937F169C2A089C9B00157355 /* Nunito-ExtraLightItalic.ttf in Resources */,
				937F169D2A089C9B00157355 /* Nunito-Italic.ttf in Resources */,
				937F169E2A089C9B00157355 /* Nunito-Light.ttf in Resources */,
				937F169F2A089C9B00157355 /* Nunito-LightItalic.ttf in Resources */,
				937F16A02A089C9B00157355 /* Nunito-Medium.ttf in Resources */,
				937F16A12A089C9B00157355 /* Nunito-MediumItalic.ttf in Resources */,
				937F16A22A089C9B00157355 /* Nunito-Regular.ttf in Resources */,
				937F16A32A089C9B00157355 /* Nunito-SemiBold.ttf in Resources */,
				937F16A42A089C9B00157355 /* Nunito-SemiBoldItalic.ttf in Resources */,
				937F16342A08902100157355 /* Preview Assets.xcassets in Resources */,
				937F165A2A08926100157355 /* Keys-Example.plist in Resources */,
				937F16312A08902100157355 /* Assets.xcassets in Resources */,
				939518532A0B4D6F00510A3C /* .swiftlint.yml in Resources */,
				937F16842A089C6900157355 /* Nunito-Black.ttf in Resources */,
			);
			runOnlyForDeploymentPostprocessing = 0;
		};
		937F16372A08902100157355 /* Resources */ = {
			isa = PBXResourcesBuildPhase;
			buildActionMask = 2147483647;
			files = (
			);
			runOnlyForDeploymentPostprocessing = 0;
		};
		937F16412A08902100157355 /* Resources */ = {
			isa = PBXResourcesBuildPhase;
			buildActionMask = 2147483647;
			files = (
			);
			runOnlyForDeploymentPostprocessing = 0;
		};
/* End PBXResourcesBuildPhase section */

/* Begin PBXShellScriptBuildPhase section */
		937F16562A0891AB00157355 /* Run SwiftLint Script */ = {
			isa = PBXShellScriptBuildPhase;
			alwaysOutOfDate = 1;
			buildActionMask = 2147483647;
			files = (
			);
			inputFileListPaths = (
			);
			inputPaths = (
			);
			name = "Run SwiftLint Script";
			outputFileListPaths = (
			);
			outputPaths = (
			);
			runOnlyForDeploymentPostprocessing = 0;
			shellPath = /bin/sh;
			shellScript = "export PATH=\"$PATH:/opt/homebrew/bin\"\nif which swiftlint > /dev/null; then\n  swiftlint\nelse\n  echo \"warning: SwiftLint not installed, download from https://github.com/realm/SwiftLint\"\nfi\n";
		};
		937F16572A0891EC00157355 /* Create Keys.plist */ = {
			isa = PBXShellScriptBuildPhase;
			buildActionMask = 2147483647;
			files = (
			);
			inputFileListPaths = (
			);
			inputPaths = (
				"$(SRCROOT)/$(PRODUCT_NAME)/Supporting Files/Keys-Example.plist",
			);
			name = "Create Keys.plist";
			outputFileListPaths = (
			);
			outputPaths = (
				"$(SRCROOT)/$(PRODUCT_NAME)/Supporting Files/Keys.plist",
			);
			runOnlyForDeploymentPostprocessing = 0;
			shellPath = /bin/sh;
			shellScript = "CONFIG_FILE_BASE_NAME=\"Keys\"\n\nCONFIG_FILE_NAME=${CONFIG_FILE_BASE_NAME}.plist\nSAMPLE_CONFIG_FILE_NAME=${CONFIG_FILE_BASE_NAME}-Example.plist\n\nCONFIG_FILE_PATH=$SRCROOT/$PRODUCT_NAME/Supporting\\ Files/$CONFIG_FILE_NAME\nSAMPLE_CONFIG_FILE_PATH=$SRCROOT/$PRODUCT_NAME/Supporting\\ Files/$SAMPLE_CONFIG_FILE_NAME\n\nif [ -f \"$CONFIG_FILE_PATH\" ]; then\n  echo \"$CONFIG_FILE_PATH exists.\"\nelse\n  echo \"$CONFIG_FILE_PATH does not exist, copying sample\"\n  cp -v \"${SAMPLE_CONFIG_FILE_PATH}\" \"${CONFIG_FILE_PATH}\"\nfi\n";
		};
/* End PBXShellScriptBuildPhase section */

/* Begin PBXSourcesBuildPhase section */
		937F16252A08902000157355 /* Sources */ = {
			isa = PBXSourcesBuildPhase;
			buildActionMask = 2147483647;
			files = (
				93F405A52A08E799001C03E0 /* SentimentAnalysisHistoryView.swift in Sources */,
				93F405BE2A0A0DD2001C03E0 /* YouTubeApiCall.swift in Sources */,
				937CC5372A11EC5C00BBC582 /* VideoItem.swift in Sources */,
				93F405B22A0A0783001C03E0 /* UINavigationController+Ext.swift in Sources */,
				937CC5352A11E36B00BBC582 /* SentimentAnalysisModel.swift in Sources */,
				93F405C62A0A9A42001C03E0 /* CommentListView.swift in Sources */,
				93F405CB2A0A9F83001C03E0 /* SearchCommentViewModel.swift in Sources */,
				939518572A0B7A9000510A3C /* CommentItem.swift in Sources */,
				93F405AD2A09FD48001C03E0 /* ChannelListView.swift in Sources */,
				93F405AB2A09F57C001C03E0 /* SearchChannelView.swift in Sources */,
				93F405C42A0A994A001C03E0 /* SearchCommentView.swift in Sources */,
				93F405C82A0A9A79001C03E0 /* VideoCommentListView.swift in Sources */,
				937F162F2A08902000157355 /* ContentView.swift in Sources */,
				937F162D2A08902000157355 /* SentifyApp.swift in Sources */,
				93F405C02A0A0E04001C03E0 /* File+Ext.swift in Sources */,
				93F405CD2A0B210F001C03E0 /* Injection.swift in Sources */,
				93F405B62A0A08A6001C03E0 /* SearchChannelViewModel.swift in Sources */,
			);
			runOnlyForDeploymentPostprocessing = 0;
		};
		937F16352A08902100157355 /* Sources */ = {
			isa = PBXSourcesBuildPhase;
			buildActionMask = 2147483647;
			files = (
				937F163E2A08902100157355 /* SentifyTests.swift in Sources */,
			);
			runOnlyForDeploymentPostprocessing = 0;
		};
		937F163F2A08902100157355 /* Sources */ = {
			isa = PBXSourcesBuildPhase;
			buildActionMask = 2147483647;
			files = (
				937F16482A08902100157355 /* SentifyUITests.swift in Sources */,
				937F164A2A08902100157355 /* SentifyUITestsLaunchTests.swift in Sources */,
			);
			runOnlyForDeploymentPostprocessing = 0;
		};
/* End PBXSourcesBuildPhase section */

/* Begin PBXTargetDependency section */
		937F163B2A08902100157355 /* PBXTargetDependency */ = {
			isa = PBXTargetDependency;
			target = 937F16282A08902000157355 /* Sentify */;
			targetProxy = 937F163A2A08902100157355 /* PBXContainerItemProxy */;
		};
		937F16452A08902100157355 /* PBXTargetDependency */ = {
			isa = PBXTargetDependency;
			target = 937F16282A08902000157355 /* Sentify */;
			targetProxy = 937F16442A08902100157355 /* PBXContainerItemProxy */;
		};
/* End PBXTargetDependency section */

/* Begin XCBuildConfiguration section */
		937F164B2A08902100157355 /* Debug */ = {
			isa = XCBuildConfiguration;
			buildSettings = {
				ALWAYS_SEARCH_USER_PATHS = NO;
				CLANG_ANALYZER_NONNULL = YES;
				CLANG_ANALYZER_NUMBER_OBJECT_CONVERSION = YES_AGGRESSIVE;
				CLANG_CXX_LANGUAGE_STANDARD = "gnu++20";
				CLANG_ENABLE_MODULES = YES;
				CLANG_ENABLE_OBJC_ARC = YES;
				CLANG_ENABLE_OBJC_WEAK = YES;
				CLANG_WARN_BLOCK_CAPTURE_AUTORELEASING = YES;
				CLANG_WARN_BOOL_CONVERSION = YES;
				CLANG_WARN_COMMA = YES;
				CLANG_WARN_CONSTANT_CONVERSION = YES;
				CLANG_WARN_DEPRECATED_OBJC_IMPLEMENTATIONS = YES;
				CLANG_WARN_DIRECT_OBJC_ISA_USAGE = YES_ERROR;
				CLANG_WARN_DOCUMENTATION_COMMENTS = YES;
				CLANG_WARN_EMPTY_BODY = YES;
				CLANG_WARN_ENUM_CONVERSION = YES;
				CLANG_WARN_INFINITE_RECURSION = YES;
				CLANG_WARN_INT_CONVERSION = YES;
				CLANG_WARN_NON_LITERAL_NULL_CONVERSION = YES;
				CLANG_WARN_OBJC_IMPLICIT_RETAIN_SELF = YES;
				CLANG_WARN_OBJC_LITERAL_CONVERSION = YES;
				CLANG_WARN_OBJC_ROOT_CLASS = YES_ERROR;
				CLANG_WARN_QUOTED_INCLUDE_IN_FRAMEWORK_HEADER = YES;
				CLANG_WARN_RANGE_LOOP_ANALYSIS = YES;
				CLANG_WARN_STRICT_PROTOTYPES = YES;
				CLANG_WARN_SUSPICIOUS_MOVE = YES;
				CLANG_WARN_UNGUARDED_AVAILABILITY = YES_AGGRESSIVE;
				CLANG_WARN_UNREACHABLE_CODE = YES;
				CLANG_WARN__DUPLICATE_METHOD_MATCH = YES;
				COPY_PHASE_STRIP = NO;
				DEBUG_INFORMATION_FORMAT = dwarf;
				ENABLE_STRICT_OBJC_MSGSEND = YES;
				ENABLE_TESTABILITY = YES;
				GCC_C_LANGUAGE_STANDARD = gnu11;
				GCC_DYNAMIC_NO_PIC = NO;
				GCC_NO_COMMON_BLOCKS = YES;
				GCC_OPTIMIZATION_LEVEL = 0;
				GCC_PREPROCESSOR_DEFINITIONS = (
					"DEBUG=1",
					"$(inherited)",
				);
				GCC_WARN_64_TO_32_BIT_CONVERSION = YES;
				GCC_WARN_ABOUT_RETURN_TYPE = YES_ERROR;
				GCC_WARN_UNDECLARED_SELECTOR = YES;
				GCC_WARN_UNINITIALIZED_AUTOS = YES_AGGRESSIVE;
				GCC_WARN_UNUSED_FUNCTION = YES;
				GCC_WARN_UNUSED_VARIABLE = YES;
				IPHONEOS_DEPLOYMENT_TARGET = 16.4;
				MTL_ENABLE_DEBUG_INFO = INCLUDE_SOURCE;
				MTL_FAST_MATH = YES;
				ONLY_ACTIVE_ARCH = YES;
				SDKROOT = iphoneos;
				SWIFT_ACTIVE_COMPILATION_CONDITIONS = DEBUG;
				SWIFT_OPTIMIZATION_LEVEL = "-Onone";
			};
			name = Debug;
		};
		937F164C2A08902100157355 /* Release */ = {
			isa = XCBuildConfiguration;
			buildSettings = {
				ALWAYS_SEARCH_USER_PATHS = NO;
				CLANG_ANALYZER_NONNULL = YES;
				CLANG_ANALYZER_NUMBER_OBJECT_CONVERSION = YES_AGGRESSIVE;
				CLANG_CXX_LANGUAGE_STANDARD = "gnu++20";
				CLANG_ENABLE_MODULES = YES;
				CLANG_ENABLE_OBJC_ARC = YES;
				CLANG_ENABLE_OBJC_WEAK = YES;
				CLANG_WARN_BLOCK_CAPTURE_AUTORELEASING = YES;
				CLANG_WARN_BOOL_CONVERSION = YES;
				CLANG_WARN_COMMA = YES;
				CLANG_WARN_CONSTANT_CONVERSION = YES;
				CLANG_WARN_DEPRECATED_OBJC_IMPLEMENTATIONS = YES;
				CLANG_WARN_DIRECT_OBJC_ISA_USAGE = YES_ERROR;
				CLANG_WARN_DOCUMENTATION_COMMENTS = YES;
				CLANG_WARN_EMPTY_BODY = YES;
				CLANG_WARN_ENUM_CONVERSION = YES;
				CLANG_WARN_INFINITE_RECURSION = YES;
				CLANG_WARN_INT_CONVERSION = YES;
				CLANG_WARN_NON_LITERAL_NULL_CONVERSION = YES;
				CLANG_WARN_OBJC_IMPLICIT_RETAIN_SELF = YES;
				CLANG_WARN_OBJC_LITERAL_CONVERSION = YES;
				CLANG_WARN_OBJC_ROOT_CLASS = YES_ERROR;
				CLANG_WARN_QUOTED_INCLUDE_IN_FRAMEWORK_HEADER = YES;
				CLANG_WARN_RANGE_LOOP_ANALYSIS = YES;
				CLANG_WARN_STRICT_PROTOTYPES = YES;
				CLANG_WARN_SUSPICIOUS_MOVE = YES;
				CLANG_WARN_UNGUARDED_AVAILABILITY = YES_AGGRESSIVE;
				CLANG_WARN_UNREACHABLE_CODE = YES;
				CLANG_WARN__DUPLICATE_METHOD_MATCH = YES;
				COPY_PHASE_STRIP = NO;
				DEBUG_INFORMATION_FORMAT = "dwarf-with-dsym";
				ENABLE_NS_ASSERTIONS = NO;
				ENABLE_STRICT_OBJC_MSGSEND = YES;
				GCC_C_LANGUAGE_STANDARD = gnu11;
				GCC_NO_COMMON_BLOCKS = YES;
				GCC_WARN_64_TO_32_BIT_CONVERSION = YES;
				GCC_WARN_ABOUT_RETURN_TYPE = YES_ERROR;
				GCC_WARN_UNDECLARED_SELECTOR = YES;
				GCC_WARN_UNINITIALIZED_AUTOS = YES_AGGRESSIVE;
				GCC_WARN_UNUSED_FUNCTION = YES;
				GCC_WARN_UNUSED_VARIABLE = YES;
				IPHONEOS_DEPLOYMENT_TARGET = 16.4;
				MTL_ENABLE_DEBUG_INFO = NO;
				MTL_FAST_MATH = YES;
				SDKROOT = iphoneos;
				SWIFT_COMPILATION_MODE = wholemodule;
				SWIFT_OPTIMIZATION_LEVEL = "-O";
				VALIDATE_PRODUCT = YES;
			};
			name = Release;
		};
		937F164E2A08902100157355 /* Debug */ = {
			isa = XCBuildConfiguration;
			buildSettings = {
				ASSETCATALOG_COMPILER_APPICON_NAME = AppIcon;
				ASSETCATALOG_COMPILER_GLOBAL_ACCENT_COLOR_NAME = AccentColor;
				CODE_SIGN_STYLE = Automatic;
				CURRENT_PROJECT_VERSION = 1;
				DEVELOPMENT_ASSET_PATHS = "\"Sentify/Preview Content\"";
				DEVELOPMENT_TEAM = A43BFTSZWQ;
				ENABLE_PREVIEWS = YES;
				GENERATE_INFOPLIST_FILE = YES;
				INFOPLIST_FILE = "Sentify/Supporting Files/Info.plist";
				INFOPLIST_KEY_LSApplicationCategoryType = "public.app-category.utilities";
				INFOPLIST_KEY_UIApplicationSceneManifest_Generation = YES;
				INFOPLIST_KEY_UIApplicationSupportsIndirectInputEvents = YES;
				INFOPLIST_KEY_UILaunchScreen_Generation = YES;
				INFOPLIST_KEY_UISupportedInterfaceOrientations_iPad = "UIInterfaceOrientationPortrait UIInterfaceOrientationPortraitUpsideDown UIInterfaceOrientationLandscapeLeft UIInterfaceOrientationLandscapeRight";
				INFOPLIST_KEY_UISupportedInterfaceOrientations_iPhone = "UIInterfaceOrientationPortrait UIInterfaceOrientationLandscapeLeft UIInterfaceOrientationLandscapeRight";
				IPHONEOS_DEPLOYMENT_TARGET = 15.0;
				LD_RUNPATH_SEARCH_PATHS = (
					"$(inherited)",
					"@executable_path/Frameworks",
				);
				MARKETING_VERSION = 1.0.0;
				PRODUCT_BUNDLE_IDENTIFIER = com.sneaky.Sentify;
				PRODUCT_NAME = "$(TARGET_NAME)";
				SWIFT_EMIT_LOC_STRINGS = YES;
				SWIFT_VERSION = 5.0;
				TARGETED_DEVICE_FAMILY = "1,2";
			};
			name = Debug;
		};
		937F164F2A08902100157355 /* Release */ = {
			isa = XCBuildConfiguration;
			buildSettings = {
				ASSETCATALOG_COMPILER_APPICON_NAME = AppIcon;
				ASSETCATALOG_COMPILER_GLOBAL_ACCENT_COLOR_NAME = AccentColor;
				CODE_SIGN_STYLE = Automatic;
				CURRENT_PROJECT_VERSION = 1;
				DEVELOPMENT_ASSET_PATHS = "\"Sentify/Preview Content\"";
				DEVELOPMENT_TEAM = A43BFTSZWQ;
				ENABLE_PREVIEWS = YES;
				GENERATE_INFOPLIST_FILE = YES;
				INFOPLIST_FILE = "Sentify/Supporting Files/Info.plist";
				INFOPLIST_KEY_LSApplicationCategoryType = "public.app-category.utilities";
				INFOPLIST_KEY_UIApplicationSceneManifest_Generation = YES;
				INFOPLIST_KEY_UIApplicationSupportsIndirectInputEvents = YES;
				INFOPLIST_KEY_UILaunchScreen_Generation = YES;
				INFOPLIST_KEY_UISupportedInterfaceOrientations_iPad = "UIInterfaceOrientationPortrait UIInterfaceOrientationPortraitUpsideDown UIInterfaceOrientationLandscapeLeft UIInterfaceOrientationLandscapeRight";
				INFOPLIST_KEY_UISupportedInterfaceOrientations_iPhone = "UIInterfaceOrientationPortrait UIInterfaceOrientationLandscapeLeft UIInterfaceOrientationLandscapeRight";
				IPHONEOS_DEPLOYMENT_TARGET = 15.0;
				LD_RUNPATH_SEARCH_PATHS = (
					"$(inherited)",
					"@executable_path/Frameworks",
				);
				MARKETING_VERSION = 1.0.0;
				PRODUCT_BUNDLE_IDENTIFIER = com.sneaky.Sentify;
				PRODUCT_NAME = "$(TARGET_NAME)";
				SWIFT_EMIT_LOC_STRINGS = YES;
				SWIFT_VERSION = 5.0;
				TARGETED_DEVICE_FAMILY = "1,2";
			};
			name = Release;
		};
		937F16512A08902100157355 /* Debug */ = {
			isa = XCBuildConfiguration;
			buildSettings = {
				ALWAYS_EMBED_SWIFT_STANDARD_LIBRARIES = YES;
				BUNDLE_LOADER = "$(TEST_HOST)";
				CODE_SIGN_STYLE = Automatic;
				CURRENT_PROJECT_VERSION = 1;
				DEVELOPMENT_TEAM = A43BFTSZWQ;
				GENERATE_INFOPLIST_FILE = YES;
				IPHONEOS_DEPLOYMENT_TARGET = 16.4;
				MARKETING_VERSION = 1.0;
				PRODUCT_BUNDLE_IDENTIFIER = com.sneaky.SentifyTests;
				PRODUCT_NAME = "$(TARGET_NAME)";
				SWIFT_EMIT_LOC_STRINGS = NO;
				SWIFT_VERSION = 5.0;
				TARGETED_DEVICE_FAMILY = "1,2";
				TEST_HOST = "$(BUILT_PRODUCTS_DIR)/Sentify.app/$(BUNDLE_EXECUTABLE_FOLDER_PATH)/Sentify";
			};
			name = Debug;
		};
		937F16522A08902100157355 /* Release */ = {
			isa = XCBuildConfiguration;
			buildSettings = {
				ALWAYS_EMBED_SWIFT_STANDARD_LIBRARIES = YES;
				BUNDLE_LOADER = "$(TEST_HOST)";
				CODE_SIGN_STYLE = Automatic;
				CURRENT_PROJECT_VERSION = 1;
				DEVELOPMENT_TEAM = A43BFTSZWQ;
				GENERATE_INFOPLIST_FILE = YES;
				IPHONEOS_DEPLOYMENT_TARGET = 16.4;
				MARKETING_VERSION = 1.0;
				PRODUCT_BUNDLE_IDENTIFIER = com.sneaky.SentifyTests;
				PRODUCT_NAME = "$(TARGET_NAME)";
				SWIFT_EMIT_LOC_STRINGS = NO;
				SWIFT_VERSION = 5.0;
				TARGETED_DEVICE_FAMILY = "1,2";
				TEST_HOST = "$(BUILT_PRODUCTS_DIR)/Sentify.app/$(BUNDLE_EXECUTABLE_FOLDER_PATH)/Sentify";
			};
			name = Release;
		};
		937F16542A08902100157355 /* Debug */ = {
			isa = XCBuildConfiguration;
			buildSettings = {
				ALWAYS_EMBED_SWIFT_STANDARD_LIBRARIES = YES;
				CODE_SIGN_STYLE = Automatic;
				CURRENT_PROJECT_VERSION = 1;
				DEVELOPMENT_TEAM = A43BFTSZWQ;
				GENERATE_INFOPLIST_FILE = YES;
				MARKETING_VERSION = 1.0;
				PRODUCT_BUNDLE_IDENTIFIER = com.sneaky.SentifyUITests;
				PRODUCT_NAME = "$(TARGET_NAME)";
				SWIFT_EMIT_LOC_STRINGS = NO;
				SWIFT_VERSION = 5.0;
				TARGETED_DEVICE_FAMILY = "1,2";
				TEST_TARGET_NAME = Sentify;
			};
			name = Debug;
		};
		937F16552A08902100157355 /* Release */ = {
			isa = XCBuildConfiguration;
			buildSettings = {
				ALWAYS_EMBED_SWIFT_STANDARD_LIBRARIES = YES;
				CODE_SIGN_STYLE = Automatic;
				CURRENT_PROJECT_VERSION = 1;
				DEVELOPMENT_TEAM = A43BFTSZWQ;
				GENERATE_INFOPLIST_FILE = YES;
				MARKETING_VERSION = 1.0;
				PRODUCT_BUNDLE_IDENTIFIER = com.sneaky.SentifyUITests;
				PRODUCT_NAME = "$(TARGET_NAME)";
				SWIFT_EMIT_LOC_STRINGS = NO;
				SWIFT_VERSION = 5.0;
				TARGETED_DEVICE_FAMILY = "1,2";
				TEST_TARGET_NAME = Sentify;
			};
			name = Release;
		};
/* End XCBuildConfiguration section */

/* Begin XCConfigurationList section */
		937F16242A08902000157355 /* Build configuration list for PBXProject "Sentify" */ = {
			isa = XCConfigurationList;
			buildConfigurations = (
				937F164B2A08902100157355 /* Debug */,
				937F164C2A08902100157355 /* Release */,
			);
			defaultConfigurationIsVisible = 0;
			defaultConfigurationName = Release;
		};
		937F164D2A08902100157355 /* Build configuration list for PBXNativeTarget "Sentify" */ = {
			isa = XCConfigurationList;
			buildConfigurations = (
				937F164E2A08902100157355 /* Debug */,
				937F164F2A08902100157355 /* Release */,
			);
			defaultConfigurationIsVisible = 0;
			defaultConfigurationName = Release;
		};
		937F16502A08902100157355 /* Build configuration list for PBXNativeTarget "SentifyTests" */ = {
			isa = XCConfigurationList;
			buildConfigurations = (
				937F16512A08902100157355 /* Debug */,
				937F16522A08902100157355 /* Release */,
			);
			defaultConfigurationIsVisible = 0;
			defaultConfigurationName = Release;
		};
		937F16532A08902100157355 /* Build configuration list for PBXNativeTarget "SentifyUITests" */ = {
			isa = XCConfigurationList;
			buildConfigurations = (
				937F16542A08902100157355 /* Debug */,
				937F16552A08902100157355 /* Release */,
			);
			defaultConfigurationIsVisible = 0;
			defaultConfigurationName = Release;
		};
/* End XCConfigurationList section */

/* Begin XCSwiftPackageProductDependency section */
		93F4059E2A08B4EF001C03E0 /* Core */ = {
			isa = XCSwiftPackageProductDependency;
			productName = Core;
		};
		93F405A12A08B5D5001C03E0 /* Common */ = {
			isa = XCSwiftPackageProductDependency;
			productName = Common;
		};
		93F405BB2A0A0AE5001C03E0 /* YouTube */ = {
			isa = XCSwiftPackageProductDependency;
			productName = YouTube;
		};
/* End XCSwiftPackageProductDependency section */
	};
	rootObject = 937F16212A08902000157355 /* Project object */;
}
